
Microsoft Visual Studio Solution File, Format Version 12.00
# Visual Studio Version 17
VisualStudioVersion = 17.14.36705.20 d17.14
MinimumVisualStudioVersion = 10.0.40219.1
Project("{FAE04EC0-301F-11D3-BF4B-00C04F79EFBC}") = "API_Produtos", "API_Produtos\API_Produtos.csproj", "{BFF68BA4-90F6-4C68-B548-5BE67B43FAEA}"
EndProject
Global
	GlobalSection(SolutionConfigurationPlatforms) = preSolution
		Debug|Any CPU = Debug|Any CPU
		Release|Any CPU = Release|Any CPU
	EndGlobalSection
	GlobalSection(ProjectConfigurationPlatforms) = postSolution
		{BFF68BA4-90F6-4C68-B548-5BE67B43FAEA}.Debug|Any CPU.ActiveCfg = Debug|Any CPU
		{BFF68BA4-90F6-4C68-B548-5BE67B43FAEA}.Debug|Any CPU.Build.0 = Debug|Any CPU
		{BFF68BA4-90F6-4C68-B548-5BE67B43FAEA}.Release|Any CPU.ActiveCfg = Release|Any CPU
		{BFF68BA4-90F6-4C68-B548-5BE67B43FAEA}.Release|Any CPU.Build.0 = Release|Any CPU
	EndGlobalSection
	GlobalSection(SolutionProperties) = preSolution
		HideSolutionNode = FALSE
	EndGlobalSection
	GlobalSection(ExtensibilityGlobals) = postSolution
		SolutionGuid = {C7D982BD-2FA0-4F37-92E6-F3F107ACD4D5}
	EndGlobalSection
EndGlobal
